
Microsoft Visual Studio Solution File, Format Version 12.00
# Visual Studio 15
VisualStudioVersion = 15.0.28307.960
MinimumVisualStudioVersion = 10.0.40219.1
Project("{8BC9CEB8-8B4A-11D0-8D11-00A0C91BC942}") = "concaveHull", "concaveHull.vcxproj", "{803D261F-9350-449C-A09A-C84BBBBC7C82}"
EndProject
Global
	GlobalSection(SolutionConfigurationPlatforms) = preSolution
		Debug|x64 = Debug|x64
		Debug|x86 = Debug|x86
		Release|x64 = Release|x64
		Release|x86 = Release|x86
	EndGlobalSection
	GlobalSection(ProjectConfigurationPlatforms) = postSolution
		{803D261F-9350-449C-A09A-C84BBBBC7C82}.Debug|x64.ActiveCfg = Debug|x64
		{803D261F-9350-449C-A09A-C84BBBBC7C82}.Debug|x64.Build.0 = Debug|x64
		{803D261F-9350-449C-A09A-C84BBBBC7C82}.Debug|x86.ActiveCfg = Debug|Win32
		{803D261F-9350-449C-A09A-C84BBBBC7C82}.Debug|x86.Build.0 = Debug|Win32
		{803D261F-9350-449C-A09A-C84BBBBC7C82}.Release|x64.ActiveCfg = Release|x64
		{803D261F-9350-449C-A09A-C84BBBBC7C82}.Release|x64.Build.0 = Release|x64
		{803D261F-9350-449C-A09A-C84BBBBC7C82}.Release|x86.ActiveCfg = Release|Win32
		{803D261F-9350-449C-A09A-C84BBBBC7C82}.Release|x86.Build.0 = Release|Win32
	EndGlobalSection
	GlobalSection(SolutionProperties) = preSolution
		HideSolutionNode = FALSE
	EndGlobalSection
	GlobalSection(ExtensibilityGlobals) = postSolution
		SolutionGuid = {4F7035EB-2440-4113-88EE-BDE78F643FDA}
	EndGlobalSection
EndGlobal
